
Microsoft Visual Studio Solution File, Format Version 12.00
# Visual Studio Version 17
VisualStudioVersion = 17.2.32630.192
MinimumVisualStudioVersion = 10.0.40219.1
Project("{9A19103F-16F7-4668-BE54-9A1E7A4F7556}") = "WordToExcel", "WordToExcel\WordToExcel.csproj", "{3BF0DDD1-A435-4DA1-B6AD-84814011029A}"
EndProject
Project("{FAE04EC0-301F-11D3-BF4B-00C04F79EFBC}") = "OfficeWrapper", "OfficeWrapper\OfficeWrapper.csproj", "{2E17C26F-73FC-4027-B037-6B828777E23F}"
EndProject
Global
	GlobalSection(SolutionConfigurationPlatforms) = preSolution
		Debug|Any CPU = Debug|Any CPU
		Release|Any CPU = Release|Any CPU
	EndGlobalSection
	GlobalSection(ProjectConfigurationPlatforms) = postSolution
		{3BF0DDD1-A435-4DA1-B6AD-84814011029A}.Debug|Any CPU.ActiveCfg = Debug|Any CPU
		{3BF0DDD1-A435-4DA1-B6AD-84814011029A}.Debug|Any CPU.Build.0 = Debug|Any CPU
		{3BF0DDD1-A435-4DA1-B6AD-84814011029A}.Release|Any CPU.ActiveCfg = Release|Any CPU
		{3BF0DDD1-A435-4DA1-B6AD-84814011029A}.Release|Any CPU.Build.0 = Release|Any CPU
		{2E17C26F-73FC-4027-B037-6B828777E23F}.Debug|Any CPU.ActiveCfg = Debug|Any CPU
		{2E17C26F-73FC-4027-B037-6B828777E23F}.Debug|Any CPU.Build.0 = Debug|Any CPU
		{2E17C26F-73FC-4027-B037-6B828777E23F}.Release|Any CPU.ActiveCfg = Release|Any CPU
		{2E17C26F-73FC-4027-B037-6B828777E23F}.Release|Any CPU.Build.0 = Release|Any CPU
	EndGlobalSection
	GlobalSection(SolutionProperties) = preSolution
		HideSolutionNode = FALSE
	EndGlobalSection
	GlobalSection(ExtensibilityGlobals) = postSolution
		SolutionGuid = {F4C4DA64-68AC-4283-9804-72897BEB9BB5}
	EndGlobalSection
EndGlobal
